
Microsoft Visual Studio Solution File, Format Version 12.00
# Visual Studio Version 17
VisualStudioVersion = 17.4.33103.184
MinimumVisualStudioVersion = 10.0.40219.1
Project("{F184B08F-C81C-45F6-A57F-5ABD9991F28F}") = "2022 visuel calculatrice", "2022 visuel calculatrice\2022 visuel calculatrice.vbproj", "{8117DA78-9FCF-4BFD-A519-65D28DC49C92}"
EndProject
Global
	GlobalSection(SolutionConfigurationPlatforms) = preSolution
		Debug|Any CPU = Debug|Any CPU
		Release|Any CPU = Release|Any CPU
	EndGlobalSection
	GlobalSection(ProjectConfigurationPlatforms) = postSolution
		{8117DA78-9FCF-4BFD-A519-65D28DC49C92}.Debug|Any CPU.ActiveCfg = Debug|Any CPU
		{8117DA78-9FCF-4BFD-A519-65D28DC49C92}.Debug|Any CPU.Build.0 = Debug|Any CPU
		{8117DA78-9FCF-4BFD-A519-65D28DC49C92}.Release|Any CPU.ActiveCfg = Release|Any CPU
		{8117DA78-9FCF-4BFD-A519-65D28DC49C92}.Release|Any CPU.Build.0 = Release|Any CPU
	EndGlobalSection
	GlobalSection(SolutionProperties) = preSolution
		HideSolutionNode = FALSE
	EndGlobalSection
	GlobalSection(ExtensibilityGlobals) = postSolution
		SolutionGuid = {FCE8A842-7B0C-4583-A7BB-88A91A8E18BF}
	EndGlobalSection
EndGlobal
